
Microsoft Visual Studio Solution File, Format Version 12.00
# Visual Studio Version 17
VisualStudioVersion = 17.11.35327.3
MinimumVisualStudioVersion = 10.0.40219.1
Project("{FAE04EC0-301F-11D3-BF4B-00C04F79EFBC}") = "TaskManager.API", "TaskManager.API\TaskManager.API.csproj", "{1C79331F-6C8A-4B82-B15B-CB0E884172EE}"
EndProject
Project("{FAE04EC0-301F-11D3-BF4B-00C04F79EFBC}") = "TaskManager.Application", "TaskManager.Application\TaskManager.Application.csproj", "{2B98FB9D-88BE-43C9-87C6-486254B9FD4B}"
EndProject
Project("{FAE04EC0-301F-11D3-BF4B-00C04F79EFBC}") = "TaskManager.Communication", "TaskManager.Communication\TaskManager.Communication.csproj", "{A2DF1ECE-2141-407E-8F78-F61E83C2B840}"
EndProject
Global
	GlobalSection(SolutionConfigurationPlatforms) = preSolution
		Debug|Any CPU = Debug|Any CPU
		Release|Any CPU = Release|Any CPU
	EndGlobalSection
	GlobalSection(ProjectConfigurationPlatforms) = postSolution
		{1C79331F-6C8A-4B82-B15B-CB0E884172EE}.Debug|Any CPU.ActiveCfg = Debug|Any CPU
		{1C79331F-6C8A-4B82-B15B-CB0E884172EE}.Debug|Any CPU.Build.0 = Debug|Any CPU
		{1C79331F-6C8A-4B82-B15B-CB0E884172EE}.Release|Any CPU.ActiveCfg = Release|Any CPU
		{1C79331F-6C8A-4B82-B15B-CB0E884172EE}.Release|Any CPU.Build.0 = Release|Any CPU
		{2B98FB9D-88BE-43C9-87C6-486254B9FD4B}.Debug|Any CPU.ActiveCfg = Debug|Any CPU
		{2B98FB9D-88BE-43C9-87C6-486254B9FD4B}.Debug|Any CPU.Build.0 = Debug|Any CPU
		{2B98FB9D-88BE-43C9-87C6-486254B9FD4B}.Release|Any CPU.ActiveCfg = Release|Any CPU
		{2B98FB9D-88BE-43C9-87C6-486254B9FD4B}.Release|Any CPU.Build.0 = Release|Any CPU
		{A2DF1ECE-2141-407E-8F78-F61E83C2B840}.Debug|Any CPU.ActiveCfg = Debug|Any CPU
		{A2DF1ECE-2141-407E-8F78-F61E83C2B840}.Debug|Any CPU.Build.0 = Debug|Any CPU
		{A2DF1ECE-2141-407E-8F78-F61E83C2B840}.Release|Any CPU.ActiveCfg = Release|Any CPU
		{A2DF1ECE-2141-407E-8F78-F61E83C2B840}.Release|Any CPU.Build.0 = Release|Any CPU
	EndGlobalSection
	GlobalSection(SolutionProperties) = preSolution
		HideSolutionNode = FALSE
	EndGlobalSection
	GlobalSection(ExtensibilityGlobals) = postSolution
		SolutionGuid = {C7C7E181-358C-4283-ADAF-67940757ECAE}
	EndGlobalSection
EndGlobal
